Microsoft Visual Studio Solution File, Format Version 12.00
# Visual Studio Version 17
VisualStudioVersion = 17.13.35825.156
MinimumVisualStudioVersion = 10.0.40219.1
Project("{D954291E-2A0B-460D-934E-DC6B0785DB48}") = "GQI_Shared", "GQI_Shared\GQI_Shared.shproj", "{2A202239-F01E-49FE-B9DF-6707AC07F94B}"
EndProject
Project("{FAE04EC0-301F-11D3-BF4B-00C04F79EFBC}") = "ExampleEventManager_UDAPI", "ExampleEventManager_UDAPI\ExampleEventManager_UDAPI.csproj", "{A2FCA06F-96CA-45B0-A867-1949113FD503}"
EndProject
Project("{FAE04EC0-301F-11D3-BF4B-00C04F79EFBC}") = "ExampleEventManager_EventIntelligence", "ExampleEventManager_EventIntelligence\ExampleEventManager_EventIntelligence.csproj", "{F4FC4AD4-E743-48AB-96E9-E2A387F0BA84}"
EndProject
Project("{FAE04EC0-301F-11D3-BF4B-00C04F79EFBC}") = "Example Event Manager", "Example Event Manager\Example Event Manager.csproj", "{B54BC782-CD55-46B4-92EE-E2C481E1A0E7}"
EndProject
Project("{FAE04EC0-301F-11D3-BF4B-00C04F79EFBC}") = "ExampleEventManager_GQIDS", "ExampleEventManager_GQIDS\ExampleEventManager_GQIDS.csproj", "{A3EE21E7-9D25-4F90-8E05-5C2207709CDE}"
EndProject
Project("{FAE04EC0-301F-11D3-BF4B-00C04F79EFBC}") = "ExampleEventManager_DocumentIntelligence", "ExampleEventManager_DocumentIntelligence\ExampleEventManager_DocumentIntelligence.csproj", "{21B11BBD-9B0B-4F2E-B92A-C234BB3CAE8E}"
EndProject
Project("{FAE04EC0-301F-11D3-BF4B-00C04F79EFBC}") = "ExampleEventManager_InstallDemoData", "ExampleEventManager_InstallDemoData\ExampleEventManager_InstallDemoData.csproj", "{EC4BDA26-A465-4C5B-AB5A-87ED7B2CFEC5}"
EndProject
Project("{FAE04EC0-301F-11D3-BF4B-00C04F79EFBC}") = "ExampleEventManager_DownloadFile", "ExampleEventManager_DownloadFile\ExampleEventManager_DownloadFile.csproj", "{08AEDD59-8A23-4AF0-B01E-50B45813C3D8}"
EndProject
Global
	GlobalSection(SolutionConfigurationPlatforms) = preSolution
		Debug|Any CPU = Debug|Any CPU
		Release|Any CPU = Release|Any CPU
	EndGlobalSection
	GlobalSection(ProjectConfigurationPlatforms) = postSolution
		{A2FCA06F-96CA-45B0-A867-1949113FD503}.Debug|Any CPU.ActiveCfg = Debug|Any CPU
		{A2FCA06F-96CA-45B0-A867-1949113FD503}.Debug|Any CPU.Build.0 = Debug|Any CPU
		{A2FCA06F-96CA-45B0-A867-1949113FD503}.Release|Any CPU.ActiveCfg = Release|Any CPU
		{A2FCA06F-96CA-45B0-A867-1949113FD503}.Release|Any CPU.Build.0 = Release|Any CPU
		{F4FC4AD4-E743-48AB-96E9-E2A387F0BA84}.Debug|Any CPU.ActiveCfg = Debug|Any CPU
		{F4FC4AD4-E743-48AB-96E9-E2A387F0BA84}.Debug|Any CPU.Build.0 = Debug|Any CPU
		{F4FC4AD4-E743-48AB-96E9-E2A387F0BA84}.Release|Any CPU.ActiveCfg = Release|Any CPU
		{F4FC4AD4-E743-48AB-96E9-E2A387F0BA84}.Release|Any CPU.Build.0 = Release|Any CPU
		{B54BC782-CD55-46B4-92EE-E2C481E1A0E7}.Debug|Any CPU.ActiveCfg = Debug|Any CPU
		{B54BC782-CD55-46B4-92EE-E2C481E1A0E7}.Debug|Any CPU.Build.0 = Debug|Any CPU
		{B54BC782-CD55-46B4-92EE-E2C481E1A0E7}.Release|Any CPU.ActiveCfg = Release|Any CPU
		{B54BC782-CD55-46B4-92EE-E2C481E1A0E7}.Release|Any CPU.Build.0 = Release|Any CPU
		{A3EE21E7-9D25-4F90-8E05-5C2207709CDE}.Debug|Any CPU.ActiveCfg = Debug|Any CPU
		{A3EE21E7-9D25-4F90-8E05-5C2207709CDE}.Debug|Any CPU.Build.0 = Debug|Any CPU
		{A3EE21E7-9D25-4F90-8E05-5C2207709CDE}.Release|Any CPU.ActiveCfg = Release|Any CPU
		{A3EE21E7-9D25-4F90-8E05-5C2207709CDE}.Release|Any CPU.Build.0 = Release|Any CPU
		{21B11BBD-9B0B-4F2E-B92A-C234BB3CAE8E}.Debug|Any CPU.ActiveCfg = Debug|Any CPU
		{21B11BBD-9B0B-4F2E-B92A-C234BB3CAE8E}.Debug|Any CPU.Build.0 = Debug|Any CPU
		{21B11BBD-9B0B-4F2E-B92A-C234BB3CAE8E}.Release|Any CPU.ActiveCfg = Release|Any CPU
		{21B11BBD-9B0B-4F2E-B92A-C234BB3CAE8E}.Release|Any CPU.Build.0 = Release|Any CPU
		{EC4BDA26-A465-4C5B-AB5A-87ED7B2CFEC5}.Debug|Any CPU.ActiveCfg = Debug|Any CPU
		{EC4BDA26-A465-4C5B-AB5A-87ED7B2CFEC5}.Debug|Any CPU.Build.0 = Debug|Any CPU
		{EC4BDA26-A465-4C5B-AB5A-87ED7B2CFEC5}.Release|Any CPU.ActiveCfg = Release|Any CPU
		{EC4BDA26-A465-4C5B-AB5A-87ED7B2CFEC5}.Release|Any CPU.Build.0 = Release|Any CPU
		{08AEDD59-8A23-4AF0-B01E-50B45813C3D8}.Debug|Any CPU.ActiveCfg = Debug|Any CPU
		{08AEDD59-8A23-4AF0-B01E-50B45813C3D8}.Debug|Any CPU.Build.0 = Debug|Any CPU
		{08AEDD59-8A23-4AF0-B01E-50B45813C3D8}.Release|Any CPU.ActiveCfg = Release|Any CPU
		{08AEDD59-8A23-4AF0-B01E-50B45813C3D8}.Release|Any CPU.Build.0 = Release|Any CPU
	EndGlobalSection
	GlobalSection(SolutionProperties) = preSolution
		HideSolutionNode = FALSE
	EndGlobalSection
	GlobalSection(ExtensibilityGlobals) = postSolution
		SolutionGuid = {FAEEEFD5-BE1D-4B64-AF51-6B2ED8B7A8FD}
	EndGlobalSection
	GlobalSection(SharedMSBuildProjectFiles) = preSolution
		GQI_Shared\GQI_Shared.projitems*{2a202239-f01e-49fe-b9df-6707ac07f94b}*SharedItemsImports = 13
		GQI_Shared\GQI_Shared.projitems*{a3ee21e7-9d25-4f90-8e05-5c2207709cde}*SharedItemsImports = 5
	EndGlobalSection
EndGlobal
